
Microsoft Visual Studio Solution File, Format Version 12.00
# Visual Studio Version 17
VisualStudioVersion = 17.9.34728.123
MinimumVisualStudioVersion = 10.0.40219.1
Project("{FAE04EC0-301F-11D3-BF4B-00C04F79EFBC}") = "Aprendendo", "Aprendendo\Aprendendo.csproj", "{75BA96DD-33FD-4FAB-9A10-C5EED691227D}"
EndProject
Global
	GlobalSection(SolutionConfigurationPlatforms) = preSolution
		Debug|Any CPU = Debug|Any CPU
		Release|Any CPU = Release|Any CPU
	EndGlobalSection
	GlobalSection(ProjectConfigurationPlatforms) = postSolution
		{75BA96DD-33FD-4FAB-9A10-C5EED691227D}.Debug|Any CPU.ActiveCfg = Debug|Any CPU
		{75BA96DD-33FD-4FAB-9A10-C5EED691227D}.Debug|Any CPU.Build.0 = Debug|Any CPU
		{75BA96DD-33FD-4FAB-9A10-C5EED691227D}.Release|Any CPU.ActiveCfg = Release|Any CPU
		{75BA96DD-33FD-4FAB-9A10-C5EED691227D}.Release|Any CPU.Build.0 = Release|Any CPU
	EndGlobalSection
	GlobalSection(SolutionProperties) = preSolution
		HideSolutionNode = FALSE
	EndGlobalSection
	GlobalSection(ExtensibilityGlobals) = postSolution
		SolutionGuid = {F079ACC7-29B7-4150-9484-9C0E2DC090EE}
	EndGlobalSection
EndGlobal
